
Microsoft Visual Studio Solution File, Format Version 12.00
# Visual Studio Version 17
VisualStudioVersion = 17.5.33530.505
MinimumVisualStudioVersion = 10.0.40219.1
Project("{FAE04EC0-301F-11D3-BF4B-00C04F79EFBC}") = "DoubleVariables", "DoubleVariables\DoubleVariables.csproj", "{CDDCD06D-209C-41C1-A367-1C6F0040B97A}"
EndProject
Global
	GlobalSection(SolutionConfigurationPlatforms) = preSolution
		Debug|Any CPU = Debug|Any CPU
		Release|Any CPU = Release|Any CPU
	EndGlobalSection
	GlobalSection(ProjectConfigurationPlatforms) = postSolution
		{CDDCD06D-209C-41C1-A367-1C6F0040B97A}.Debug|Any CPU.ActiveCfg = Debug|Any CPU
		{CDDCD06D-209C-41C1-A367-1C6F0040B97A}.Debug|Any CPU.Build.0 = Debug|Any CPU
		{CDDCD06D-209C-41C1-A367-1C6F0040B97A}.Release|Any CPU.ActiveCfg = Release|Any CPU
		{CDDCD06D-209C-41C1-A367-1C6F0040B97A}.Release|Any CPU.Build.0 = Release|Any CPU
	EndGlobalSection
	GlobalSection(SolutionProperties) = preSolution
		HideSolutionNode = FALSE
	EndGlobalSection
	GlobalSection(ExtensibilityGlobals) = postSolution
		SolutionGuid = {C85B74AF-8F57-40F0-B591-0CBCFEFDE031}
	EndGlobalSection
EndGlobal
